// !$*UTF8*$!
{
	archiveVersion = 1;
	classes = {
	};
	objectVersion = 48;
	objects = {

/* Begin PBXBuildFile section */
		5263E0921FC0D5A800C3A076 /* WorkoutTimer.swift in Sources */ = {isa = PBXBuildFile; fileRef = 5263E0911FC0D5A800C3A076 /* WorkoutTimer.swift */; };
		5292FEF01FBC070700C2A0CE /* HealthDataViewController.swift in Sources */ = {isa = PBXBuildFile; fileRef = 5292FEEF1FBC070700C2A0CE /* HealthDataViewController.swift */; };
		5292FEF21FBC072100C2A0CE /* StepsTakenViewController.swift in Sources */ = {isa = PBXBuildFile; fileRef = 5292FEF11FBC072100C2A0CE /* StepsTakenViewController.swift */; };
		5292FEF41FBC073500C2A0CE /* HeartRateViewController.swift in Sources */ = {isa = PBXBuildFile; fileRef = 5292FEF31FBC073500C2A0CE /* HeartRateViewController.swift */; };
		5F23F3E0349818DFB0A0D9B6 /* Pods_RunningRhythmTests.framework in Frameworks */ = {isa = PBXBuildFile; fileRef = 6BFEA773FEC2A7DE0A882959 /* Pods_RunningRhythmTests.framework */; };
		89E451CD6B566EA6D25C130E /* Pods_RunningRhythmUITests.framework in Frameworks */ = {isa = PBXBuildFile; fileRef = BAC03DDAFE1A18E07BE2B422 /* Pods_RunningRhythmUITests.framework */; };
		A16564921FD761C400B40442 /* SettingsViewController.swift in Sources */ = {isa = PBXBuildFile; fileRef = A16564911FD761C400B40442 /* SettingsViewController.swift */; };
		A1692D9A1FC376AA00DF0328 /* HealthKitManager.swift in Sources */ = {isa = PBXBuildFile; fileRef = A1692D991FC376AA00DF0328 /* HealthKitManager.swift */; };
		A1760F7C1FC1715400F43667 /* SpotifyMetadata.framework in Frameworks */ = {isa = PBXBuildFile; fileRef = A1760F771FC1715300F43667 /* SpotifyMetadata.framework */; };
		A1760F7D1FC1715400F43667 /* SpotifyAudioPlayback.framework in Frameworks */ = {isa = PBXBuildFile; fileRef = A1760F781FC1715300F43667 /* SpotifyAudioPlayback.framework */; };
		A1760F7F1FC1715400F43667 /* SpotifyAuthentication.framework in Frameworks */ = {isa = PBXBuildFile; fileRef = A1760F7A1FC1715400F43667 /* SpotifyAuthentication.framework */; };
		A1760F831FC172E300F43667 /* AVFoundation.framework in Frameworks */ = {isa = PBXBuildFile; fileRef = A1760F821FC172DB00F43667 /* AVFoundation.framework */; };
		A1760F841FC172E300F43667 /* HealthKit.framework in Frameworks */ = {isa = PBXBuildFile; fileRef = A1760F811FC172DB00F43667 /* HealthKit.framework */; };
		A1760F851FC172E300F43667 /* SystemConfiguration.framework in Frameworks */ = {isa = PBXBuildFile; fileRef = A1760F801FC172DB00F43667 /* SystemConfiguration.framework */; };
		A19716A51FCE33280005476A /* TrackListTableViewController.swift in Sources */ = {isa = PBXBuildFile; fileRef = A19716A41FCE33280005476A /* TrackListTableViewController.swift */; };
		A1B538591FCD4A9C00D25455 /* PlaylistTableViewController.swift in Sources */ = {isa = PBXBuildFile; fileRef = A1B538581FCD4A9C00D25455 /* PlaylistTableViewController.swift */; };
		A1D0A17E1FA2B8CB003862B4 /* AppDelegate.swift in Sources */ = {isa = PBXBuildFile; fileRef = A1D0A17D1FA2B8CB003862B4 /* AppDelegate.swift */; };
		A1D0A1801FA2B8CB003862B4 /* LoginViewController.swift in Sources */ = {isa = PBXBuildFile; fileRef = A1D0A17F1FA2B8CB003862B4 /* LoginViewController.swift */; };
		A1D0A1831FA2B8CB003862B4 /* Main.storyboard in Resources */ = {isa = PBXBuildFile; fileRef = A1D0A1811FA2B8CB003862B4 /* Main.storyboard */; };
		A1D0A1881FA2B8CB003862B4 /* Assets.xcassets in Resources */ = {isa = PBXBuildFile; fileRef = A1D0A1871FA2B8CB003862B4 /* Assets.xcassets */; };
		A1D0A18B1FA2B8CB003862B4 /* LaunchScreen.storyboard in Resources */ = {isa = PBXBuildFile; fileRef = A1D0A1891FA2B8CB003862B4 /* LaunchScreen.storyboard */; };
		A1D0A1961FA2B8CB003862B4 /* RunningRhythmTests.swift in Sources */ = {isa = PBXBuildFile; fileRef = A1D0A1951FA2B8CB003862B4 /* RunningRhythmTests.swift */; };
		A1D0A1A11FA2B8CC003862B4 /* RunningRhythmUITests.swift in Sources */ = {isa = PBXBuildFile; fileRef = A1D0A1A01FA2B8CC003862B4 /* RunningRhythmUITests.swift */; };
		A1F08C1D1FA843B2009BDAFA /* README.md in Resources */ = {isa = PBXBuildFile; fileRef = A1F08C1C1FA843B2009BDAFA /* README.md */; };
		A1F08C221FA846B6009BDAFA /* MainViewController.swift in Sources */ = {isa = PBXBuildFile; fileRef = A1F08C211FA846B6009BDAFA /* MainViewController.swift */; };
		A1F879621FC0D5C300F64F00 /* WebViewController.swift in Sources */ = {isa = PBXBuildFile; fileRef = A1F879611FC0D5C300F64F00 /* WebViewController.swift */; };
		C7DCCF0C1FA95A8600A119BB /* MusicPlayerViewController.swift in Sources */ = {isa = PBXBuildFile; fileRef = C7DCCF0B1FA95A8600A119BB /* MusicPlayerViewController.swift */; };
		F2739315AC66D89D8DE4B9E3 /* Pods_RunningRhythm.framework in Frameworks */ = {isa = PBXBuildFile; fileRef = 89B66F9E9B3472AC5355F811 /* Pods_RunningRhythm.framework */; };
/* End PBXBuildFile section */

/* Begin PBXContainerItemProxy section */
		A1D0A1921FA2B8CB003862B4 /* PBXContainerItemProxy */ = {
			isa = PBXContainerItemProxy;
			containerPortal = A1D0A1721FA2B8CB003862B4 /* Project object */;
			proxyType = 1;
			remoteGlobalIDString = A1D0A1791FA2B8CB003862B4;
			remoteInfo = RunningRhythm;
		};
		A1D0A19D1FA2B8CC003862B4 /* PBXContainerItemProxy */ = {
			isa = PBXContainerItemProxy;
			containerPortal = A1D0A1721FA2B8CB003862B4 /* Project object */;
			proxyType = 1;
			remoteGlobalIDString = A1D0A1791FA2B8CB003862B4;
			remoteInfo = RunningRhythm;
		};
/* End PBXContainerItemProxy section */

/* Begin PBXFileReference section */
		3ED66347420594D17D588148 /* Pods-RunningRhythmUITests.debug.xcconfig */ = {isa = PBXFileReference; includeInIndex = 1; lastKnownFileType = text.xcconfig; name = "Pods-RunningRhythmUITests.debug.xcconfig"; path = "Pods/Target Support Files/Pods-RunningRhythmUITests/Pods-RunningRhythmUITests.debug.xcconfig"; sourceTree = "<group>"; };
		5068DDED2724EF02674E4AEC /* Pods-RunningRhythmTests.debug.xcconfig */ = {isa = PBXFileReference; includeInIndex = 1; lastKnownFileType = text.xcconfig; name = "Pods-RunningRhythmTests.debug.xcconfig"; path = "Pods/Target Support Files/Pods-RunningRhythmTests/Pods-RunningRhythmTests.debug.xcconfig"; sourceTree = "<group>"; };
		5263E0911FC0D5A800C3A076 /* WorkoutTimer.swift */ = {isa = PBXFileReference; fileEncoding = 4; lastKnownFileType = sourcecode.swift; path = WorkoutTimer.swift; sourceTree = "<group>"; };
		5287BC6B1FBFC3590018ED0D /* RunningRhythm.entitlements */ = {isa = PBXFileReference; lastKnownFileType = text.plist.entitlements; path = RunningRhythm.entitlements; sourceTree = "<group>"; };
		5292FEEF1FBC070700C2A0CE /* HealthDataViewController.swift */ = {isa = PBXFileReference; fileEncoding = 4; lastKnownFileType = sourcecode.swift; path = HealthDataViewController.swift; sourceTree = "<group>"; };
		5292FEF11FBC072100C2A0CE /* StepsTakenViewController.swift */ = {isa = PBXFileReference; fileEncoding = 4; lastKnownFileType = sourcecode.swift; path = StepsTakenViewController.swift; sourceTree = "<group>"; };
		5292FEF31FBC073500C2A0CE /* HeartRateViewController.swift */ = {isa = PBXFileReference; fileEncoding = 4; lastKnownFileType = sourcecode.swift; path = HeartRateViewController.swift; sourceTree = "<group>"; };
		6BFEA773FEC2A7DE0A882959 /* Pods_RunningRhythmTests.framework */ = {isa = PBXFileReference; explicitFileType = wrapper.framework; includeInIndex = 0; path = Pods_RunningRhythmTests.framework; sourceTree = BUILT_PRODUCTS_DIR; };
		89B66F9E9B3472AC5355F811 /* Pods_RunningRhythm.framework */ = {isa = PBXFileReference; explicitFileType = wrapper.framework; includeInIndex = 0; path = Pods_RunningRhythm.framework; sourceTree = BUILT_PRODUCTS_DIR; };
		971AA2BE7223CEFA7ED5138A /* Pods-RunningRhythmUITests.release.xcconfig */ = {isa = PBXFileReference; includeInIndex = 1; lastKnownFileType = text.xcconfig; name = "Pods-RunningRhythmUITests.release.xcconfig"; path = "Pods/Target Support Files/Pods-RunningRhythmUITests/Pods-RunningRhythmUITests.release.xcconfig"; sourceTree = "<group>"; };
		A030318C2E275C3452F5FEDA /* Pods-RunningRhythmTests.release.xcconfig */ = {isa = PBXFileReference; includeInIndex = 1; lastKnownFileType = text.xcconfig; name = "Pods-RunningRhythmTests.release.xcconfig"; path = "Pods/Target Support Files/Pods-RunningRhythmTests/Pods-RunningRhythmTests.release.xcconfig"; sourceTree = "<group>"; };
		A16564911FD761C400B40442 /* SettingsViewController.swift */ = {isa = PBXFileReference; fileEncoding = 4; lastKnownFileType = sourcecode.swift; path = SettingsViewController.swift; sourceTree = "<group>"; };
		A1692D991FC376AA00DF0328 /* HealthKitManager.swift */ = {isa = PBXFileReference; fileEncoding = 4; lastKnownFileType = sourcecode.swift; path = HealthKitManager.swift; sourceTree = "<group>"; };
		A1760F771FC1715300F43667 /* SpotifyMetadata.framework */ = {isa = PBXFileReference; lastKnownFileType = wrapper.framework; path = SpotifyMetadata.framework; sourceTree = "<group>"; };
		A1760F781FC1715300F43667 /* SpotifyAudioPlayback.framework */ = {isa = PBXFileReference; lastKnownFileType = wrapper.framework; path = SpotifyAudioPlayback.framework; sourceTree = "<group>"; };
		A1760F7A1FC1715400F43667 /* SpotifyAuthentication.framework */ = {isa = PBXFileReference; lastKnownFileType = wrapper.framework; path = SpotifyAuthentication.framework; sourceTree = "<group>"; };
		A1760F801FC172DB00F43667 /* SystemConfiguration.framework */ = {isa = PBXFileReference; lastKnownFileType = wrapper.framework; name = SystemConfiguration.framework; path = System/Library/Frameworks/SystemConfiguration.framework; sourceTree = SDKROOT; };
		A1760F811FC172DB00F43667 /* HealthKit.framework */ = {isa = PBXFileReference; lastKnownFileType = wrapper.framework; name = HealthKit.framework; path = System/Library/Frameworks/HealthKit.framework; sourceTree = SDKROOT; };
		A1760F821FC172DB00F43667 /* AVFoundation.framework */ = {isa = PBXFileReference; lastKnownFileType = wrapper.framework; name = AVFoundation.framework; path = System/Library/Frameworks/AVFoundation.framework; sourceTree = SDKROOT; };
		A19716A41FCE33280005476A /* TrackListTableViewController.swift */ = {isa = PBXFileReference; lastKnownFileType = sourcecode.swift; path = TrackListTableViewController.swift; sourceTree = "<group>"; };
		A1B538581FCD4A9C00D25455 /* PlaylistTableViewController.swift */ = {isa = PBXFileReference; lastKnownFileType = sourcecode.swift; path = PlaylistTableViewController.swift; sourceTree = "<group>"; };
		A1D0A17A1FA2B8CB003862B4 /* RunningRhythm.app */ = {isa = PBXFileReference; explicitFileType = wrapper.application; includeInIndex = 0; path = RunningRhythm.app; sourceTree = BUILT_PRODUCTS_DIR; };
		A1D0A17D1FA2B8CB003862B4 /* AppDelegate.swift */ = {isa = PBXFileReference; lastKnownFileType = sourcecode.swift; path = AppDelegate.swift; sourceTree = "<group>"; };
		A1D0A17F1FA2B8CB003862B4 /* LoginViewController.swift */ = {isa = PBXFileReference; lastKnownFileType = sourcecode.swift; path = LoginViewController.swift; sourceTree = "<group>"; };
		A1D0A1821FA2B8CB003862B4 /* Base */ = {isa = PBXFileReference; lastKnownFileType = file.storyboard; name = Base; path = Base.lproj/Main.storyboard; sourceTree = "<group>"; };
		A1D0A1871FA2B8CB003862B4 /* Assets.xcassets */ = {isa = PBXFileReference; lastKnownFileType = folder.assetcatalog; path = Assets.xcassets; sourceTree = "<group>"; };
		A1D0A18A1FA2B8CB003862B4 /* Base */ = {isa = PBXFileReference; lastKnownFileType = file.storyboard; name = Base; path = Base.lproj/LaunchScreen.storyboard; sourceTree = "<group>"; };
		A1D0A18C1FA2B8CB003862B4 /* Info.plist */ = {isa = PBXFileReference; lastKnownFileType = text.plist.xml; path = Info.plist; sourceTree = "<group>"; };
		A1D0A1911FA2B8CB003862B4 /* RunningRhythmTests.xctest */ = {isa = PBXFileReference; explicitFileType = wrapper.cfbundle; includeInIndex = 0; path = RunningRhythmTests.xctest; sourceTree = BUILT_PRODUCTS_DIR; };
		A1D0A1951FA2B8CB003862B4 /* RunningRhythmTests.swift */ = {isa = PBXFileReference; lastKnownFileType = sourcecode.swift; path = RunningRhythmTests.swift; sourceTree = "<group>"; };
		A1D0A1971FA2B8CB003862B4 /* Info.plist */ = {isa = PBXFileReference; lastKnownFileType = text.plist.xml; path = Info.plist; sourceTree = "<group>"; };
		A1D0A19C1FA2B8CC003862B4 /* RunningRhythmUITests.xctest */ = {isa = PBXFileReference; explicitFileType = wrapper.cfbundle; includeInIndex = 0; path = RunningRhythmUITests.xctest; sourceTree = BUILT_PRODUCTS_DIR; };
		A1D0A1A01FA2B8CC003862B4 /* RunningRhythmUITests.swift */ = {isa = PBXFileReference; lastKnownFileType = sourcecode.swift; path = RunningRhythmUITests.swift; sourceTree = "<group>"; };
		A1D0A1A21FA2B8CC003862B4 /* Info.plist */ = {isa = PBXFileReference; lastKnownFileType = text.plist.xml; path = Info.plist; sourceTree = "<group>"; };
		A1D0A1B41FA2C302003862B4 /* RunningRhythm-Bridging-Header.h */ = {isa = PBXFileReference; lastKnownFileType = sourcecode.c.h; path = "RunningRhythm-Bridging-Header.h"; sourceTree = "<group>"; };
		A1F08C1C1FA843B2009BDAFA /* README.md */ = {isa = PBXFileReference; fileEncoding = 4; lastKnownFileType = net.daringfireball.markdown; path = README.md; sourceTree = SOURCE_ROOT; };
		A1F08C211FA846B6009BDAFA /* MainViewController.swift */ = {isa = PBXFileReference; lastKnownFileType = sourcecode.swift; path = MainViewController.swift; sourceTree = "<group>"; };
		A1F879611FC0D5C300F64F00 /* WebViewController.swift */ = {isa = PBXFileReference; fileEncoding = 4; lastKnownFileType = sourcecode.swift; path = WebViewController.swift; sourceTree = "<group>"; };
		B3BD14A37C2EB4E0AA464E2C /* Pods-RunningRhythm.debug.xcconfig */ = {isa = PBXFileReference; includeInIndex = 1; lastKnownFileType = text.xcconfig; name = "Pods-RunningRhythm.debug.xcconfig"; path = "Pods/Target Support Files/Pods-RunningRhythm/Pods-RunningRhythm.debug.xcconfig"; sourceTree = "<group>"; };
		BAC03DDAFE1A18E07BE2B422 /* Pods_RunningRhythmUITests.framework */ = {isa = PBXFileReference; explicitFileType = wrapper.framework; includeInIndex = 0; path = Pods_RunningRhythmUITests.framework; sourceTree = BUILT_PRODUCTS_DIR; };
		BC88FD24597EF581044DDE49 /* Pods-RunningRhythm.release.xcconfig */ = {isa = PBXFileReference; includeInIndex = 1; lastKnownFileType = text.xcconfig; name = "Pods-RunningRhythm.release.xcconfig"; path = "Pods/Target Support Files/Pods-RunningRhythm/Pods-RunningRhythm.release.xcconfig"; sourceTree = "<group>"; };
		C7DCCF0B1FA95A8600A119BB /* MusicPlayerViewController.swift */ = {isa = PBXFileReference; fileEncoding = 4; lastKnownFileType = sourcecode.swift; path = MusicPlayerViewController.swift; sourceTree = "<group>"; };
/* End PBXFileReference section */

/* Begin PBXFrameworksBuildPhase section */
		A1D0A1771FA2B8CB003862B4 /* Frameworks */ = {
			isa = PBXFrameworksBuildPhase;
			buildActionMask = 2147483647;
			files = (
				A1760F831FC172E300F43667 /* AVFoundation.framework in Frameworks */,
				A1760F841FC172E300F43667 /* HealthKit.framework in Frameworks */,
				A1760F851FC172E300F43667 /* SystemConfiguration.framework in Frameworks */,
				A1760F7F1FC1715400F43667 /* SpotifyAuthentication.framework in Frameworks */,
				A1760F7C1FC1715400F43667 /* SpotifyMetadata.framework in Frameworks */,
				A1760F7D1FC1715400F43667 /* SpotifyAudioPlayback.framework in Frameworks */,
				F2739315AC66D89D8DE4B9E3 /* Pods_RunningRhythm.framework in Frameworks */,
			);
			runOnlyForDeploymentPostprocessing = 0;
		};
		A1D0A18E1FA2B8CB003862B4 /* Frameworks */ = {
			isa = PBXFrameworksBuildPhase;
			buildActionMask = 2147483647;
			files = (
				5F23F3E0349818DFB0A0D9B6 /* Pods_RunningRhythmTests.framework in Frameworks */,
			);
			runOnlyForDeploymentPostprocessing = 0;
		};
		A1D0A1991FA2B8CC003862B4 /* Frameworks */ = {
			isa = PBXFrameworksBuildPhase;
			buildActionMask = 2147483647;
			files = (
				89E451CD6B566EA6D25C130E /* Pods_RunningRhythmUITests.framework in Frameworks */,
			);
			runOnlyForDeploymentPostprocessing = 0;
		};
/* End PBXFrameworksBuildPhase section */

/* Begin PBXGroup section */
		5287BC6C1FBFC3590018ED0D /* Frameworks */ = {
			isa = PBXGroup;
			children = (
				A1760F821FC172DB00F43667 /* AVFoundation.framework */,
				A1760F811FC172DB00F43667 /* HealthKit.framework */,
				A1760F801FC172DB00F43667 /* SystemConfiguration.framework */,
				A1760F781FC1715300F43667 /* SpotifyAudioPlayback.framework */,
				A1760F7A1FC1715400F43667 /* SpotifyAuthentication.framework */,
				A1760F771FC1715300F43667 /* SpotifyMetadata.framework */,
				89B66F9E9B3472AC5355F811 /* Pods_RunningRhythm.framework */,
				6BFEA773FEC2A7DE0A882959 /* Pods_RunningRhythmTests.framework */,
				BAC03DDAFE1A18E07BE2B422 /* Pods_RunningRhythmUITests.framework */,
			);
			name = Frameworks;
			sourceTree = "<group>";
		};
		A1D0A1711FA2B8CB003862B4 = {
			isa = PBXGroup;
			children = (
				A1D0A17C1FA2B8CB003862B4 /* RunningRhythm */,
				A1D0A1941FA2B8CB003862B4 /* RunningRhythmTests */,
				A1D0A19F1FA2B8CC003862B4 /* RunningRhythmUITests */,
				A1D0A17B1FA2B8CB003862B4 /* Products */,
				5287BC6C1FBFC3590018ED0D /* Frameworks */,
				FB16BDF9CA486E206452D0B4 /* Pods */,
			);
			sourceTree = "<group>";
		};
		A1D0A17B1FA2B8CB003862B4 /* Products */ = {
			isa = PBXGroup;
			children = (
				A1D0A17A1FA2B8CB003862B4 /* RunningRhythm.app */,
				A1D0A1911FA2B8CB003862B4 /* RunningRhythmTests.xctest */,
				A1D0A19C1FA2B8CC003862B4 /* RunningRhythmUITests.xctest */,
			);
			name = Products;
			sourceTree = "<group>";
		};
		A1D0A17C1FA2B8CB003862B4 /* RunningRhythm */ = {
			isa = PBXGroup;
			children = (
				5287BC6B1FBFC3590018ED0D /* RunningRhythm.entitlements */,
				A1D0A17D1FA2B8CB003862B4 /* AppDelegate.swift */,
				A1D0A17F1FA2B8CB003862B4 /* LoginViewController.swift */,
				A1F08C211FA846B6009BDAFA /* MainViewController.swift */,
				A1F879611FC0D5C300F64F00 /* WebViewController.swift */,
				A19716A41FCE33280005476A /* TrackListTableViewController.swift */,
				A1B538581FCD4A9C00D25455 /* PlaylistTableViewController.swift */,
				C7DCCF0B1FA95A8600A119BB /* MusicPlayerViewController.swift */,
				A16564911FD761C400B40442 /* SettingsViewController.swift */,
				A1692D991FC376AA00DF0328 /* HealthKitManager.swift */,
				5292FEEF1FBC070700C2A0CE /* HealthDataViewController.swift */,
				5263E0911FC0D5A800C3A076 /* WorkoutTimer.swift */,
				5292FEF11FBC072100C2A0CE /* StepsTakenViewController.swift */,
				5292FEF31FBC073500C2A0CE /* HeartRateViewController.swift */,
				A1D0A1811FA2B8CB003862B4 /* Main.storyboard */,
				A1F08C1C1FA843B2009BDAFA /* README.md */,
				A1D0A1871FA2B8CB003862B4 /* Assets.xcassets */,
				A1D0A1891FA2B8CB003862B4 /* LaunchScreen.storyboard */,
				A1D0A18C1FA2B8CB003862B4 /* Info.plist */,
				A1D0A1B41FA2C302003862B4 /* RunningRhythm-Bridging-Header.h */,
			);
			path = RunningRhythm;
			sourceTree = "<group>";
		};
		A1D0A1941FA2B8CB003862B4 /* RunningRhythmTests */ = {
			isa = PBXGroup;
			children = (
				A1D0A1951FA2B8CB003862B4 /* RunningRhythmTests.swift */,
				A1D0A1971FA2B8CB003862B4 /* Info.plist */,
			);
			path = RunningRhythmTests;
			sourceTree = "<group>";
		};
		A1D0A19F1FA2B8CC003862B4 /* RunningRhythmUITests */ = {
			isa = PBXGroup;
			children = (
				A1D0A1A01FA2B8CC003862B4 /* RunningRhythmUITests.swift */,
				A1D0A1A21FA2B8CC003862B4 /* Info.plist */,
			);
			path = RunningRhythmUITests;
			sourceTree = "<group>";
		};
		FB16BDF9CA486E206452D0B4 /* Pods */ = {
			isa = PBXGroup;
			children = (
				B3BD14A37C2EB4E0AA464E2C /* Pods-RunningRhythm.debug.xcconfig */,
				BC88FD24597EF581044DDE49 /* Pods-RunningRhythm.release.xcconfig */,
				5068DDED2724EF02674E4AEC /* Pods-RunningRhythmTests.debug.xcconfig */,
				A030318C2E275C3452F5FEDA /* Pods-RunningRhythmTests.release.xcconfig */,
				3ED66347420594D17D588148 /* Pods-RunningRhythmUITests.debug.xcconfig */,
				971AA2BE7223CEFA7ED5138A /* Pods-RunningRhythmUITests.release.xcconfig */,
			);
			name = Pods;
			sourceTree = "<group>";
		};
/* End PBXGroup section */

/* Begin PBXNativeTarget section */
		A1D0A1791FA2B8CB003862B4 /* RunningRhythm */ = {
			isa = PBXNativeTarget;
			buildConfigurationList = A1D0A1A51FA2B8CC003862B4 /* Build configuration list for PBXNativeTarget "RunningRhythm" */;
			buildPhases = (
				97963EA77DAAA61BB2A24225 /* [CP] Check Pods Manifest.lock */,
				A1D0A1761FA2B8CB003862B4 /* Sources */,
				A1D0A1771FA2B8CB003862B4 /* Frameworks */,
				A1D0A1781FA2B8CB003862B4 /* Resources */,
				E72E32696F0E800904336430 /* [CP] Embed Pods Frameworks */,
				80CCEC1BEEF45F3B2EAAA957 /* [CP] Copy Pods Resources */,
			);
			buildRules = (
			);
			dependencies = (
			);
			name = RunningRhythm;
			productName = RunningRhythm;
			productReference = A1D0A17A1FA2B8CB003862B4 /* RunningRhythm.app */;
			productType = "com.apple.product-type.application";
		};
		A1D0A1901FA2B8CB003862B4 /* RunningRhythmTests */ = {
			isa = PBXNativeTarget;
			buildConfigurationList = A1D0A1A81FA2B8CC003862B4 /* Build configuration list for PBXNativeTarget "RunningRhythmTests" */;
			buildPhases = (
				1A12F634887F07D29846622F /* [CP] Check Pods Manifest.lock */,
				A1D0A18D1FA2B8CB003862B4 /* Sources */,
				A1D0A18E1FA2B8CB003862B4 /* Frameworks */,
				A1D0A18F1FA2B8CB003862B4 /* Resources */,
				1D864E2297445FBB0EF42A1D /* [CP] Embed Pods Frameworks */,
				75AE06855CACDF3E17863FE2 /* [CP] Copy Pods Resources */,
			);
			buildRules = (
			);
			dependencies = (
				A1D0A1931FA2B8CB003862B4 /* PBXTargetDependency */,
			);
			name = RunningRhythmTests;
			productName = RunningRhythmTests;
			productReference = A1D0A1911FA2B8CB003862B4 /* RunningRhythmTests.xctest */;
			productType = "com.apple.product-type.bundle.unit-test";
		};
		A1D0A19B1FA2B8CC003862B4 /* RunningRhythmUITests */ = {
			isa = PBXNativeTarget;
			buildConfigurationList = A1D0A1AB1FA2B8CC003862B4 /* Build configuration list for PBXNativeTarget "RunningRhythmUITests" */;
			buildPhases = (
				91773F1A959CF29725B59897 /* [CP] Check Pods Manifest.lock */,
				A1D0A1981FA2B8CC003862B4 /* Sources */,
				A1D0A1991FA2B8CC003862B4 /* Frameworks */,
				A1D0A19A1FA2B8CC003862B4 /* Resources */,
				EEEA42FD97B3F9C02300DFA6 /* [CP] Embed Pods Frameworks */,
				405EDBA7FF617BD913159D88 /* [CP] Copy Pods Resources */,
			);
			buildRules = (
			);
			dependencies = (
				A1D0A19E1FA2B8CC003862B4 /* PBXTargetDependency */,
			);
			name = RunningRhythmUITests;
			productName = RunningRhythmUITests;
			productReference = A1D0A19C1FA2B8CC003862B4 /* RunningRhythmUITests.xctest */;
			productType = "com.apple.product-type.bundle.ui-testing";
		};
/* End PBXNativeTarget section */

/* Begin PBXProject section */
		A1D0A1721FA2B8CB003862B4 /* Project object */ = {
			isa = PBXProject;
			attributes = {
				LastSwiftUpdateCheck = 0900;
				LastUpgradeCheck = 0900;
				ORGANIZATIONNAME = "Cinder Capital";
				TargetAttributes = {
					A1D0A1791FA2B8CB003862B4 = {
						CreatedOnToolsVersion = 9.0.1;
						LastSwiftMigration = 0900;
						ProvisioningStyle = Automatic;
						SystemCapabilities = {
							com.apple.HealthKit = {
								enabled = 1;
							};
						};
					};
					A1D0A1901FA2B8CB003862B4 = {
						CreatedOnToolsVersion = 9.0.1;
						ProvisioningStyle = Automatic;
						TestTargetID = A1D0A1791FA2B8CB003862B4;
					};
					A1D0A19B1FA2B8CC003862B4 = {
						CreatedOnToolsVersion = 9.0.1;
						ProvisioningStyle = Automatic;
						TestTargetID = A1D0A1791FA2B8CB003862B4;
					};
				};
			};
			buildConfigurationList = A1D0A1751FA2B8CB003862B4 /* Build configuration list for PBXProject "RunningRhythm" */;
			compatibilityVersion = "Xcode 8.0";
			developmentRegion = en;
			hasScannedForEncodings = 0;
			knownRegions = (
				en,
				Base,
			);
			mainGroup = A1D0A1711FA2B8CB003862B4;
			productRefGroup = A1D0A17B1FA2B8CB003862B4 /* Products */;
			projectDirPath = "";
			projectRoot = "";
			targets = (
				A1D0A1791FA2B8CB003862B4 /* RunningRhythm */,
				A1D0A1901FA2B8CB003862B4 /* RunningRhythmTests */,
				A1D0A19B1FA2B8CC003862B4 /* RunningRhythmUITests */,
			);
		};
/* End PBXProject section */

/* Begin PBXResourcesBuildPhase section */
		A1D0A1781FA2B8CB003862B4 /* Resources */ = {
			isa = PBXResourcesBuildPhase;
			buildActionMask = 2147483647;
			files = (
				A1D0A18B1FA2B8CB003862B4 /* LaunchScreen.storyboard in Resources */,
				A1D0A1881FA2B8CB003862B4 /* Assets.xcassets in Resources */,
				A1F08C1D1FA843B2009BDAFA /* README.md in Resources */,
				A1D0A1831FA2B8CB003862B4 /* Main.storyboard in Resources */,
			);
			runOnlyForDeploymentPostprocessing = 0;
		};
		A1D0A18F1FA2B8CB003862B4 /* Resources */ = {
			isa = PBXResourcesBuildPhase;
			buildActionMask = 2147483647;
			files = (
			);
			runOnlyForDeploymentPostprocessing = 0;
		};
		A1D0A19A1FA2B8CC003862B4 /* Resources */ = {
			isa = PBXResourcesBuildPhase;
			buildActionMask = 2147483647;
			files = (
			);
			runOnlyForDeploymentPostprocessing = 0;
		};
/* End PBXResourcesBuildPhase section */

/* Begin PBXShellScriptBuildPhase section */
		1A12F634887F07D29846622F /* [CP] Check Pods Manifest.lock */ = {
			isa = PBXShellScriptBuildPhase;
			buildActionMask = 2147483647;
			files = (
			);
			inputPaths = (
				"${PODS_PODFILE_DIR_PATH}/Podfile.lock",
				"${PODS_ROOT}/Manifest.lock",
			);
			name = "[CP] Check Pods Manifest.lock";
			outputPaths = (
				"$(DERIVED_FILE_DIR)/Pods-RunningRhythmTests-checkManifestLockResult.txt",
			);
			runOnlyForDeploymentPostprocessing = 0;
			shellPath = /bin/sh;
			shellScript = "diff \"${PODS_PODFILE_DIR_PATH}/Podfile.lock\" \"${PODS_ROOT}/Manifest.lock\" > /dev/null\nif [ $? != 0 ] ; then\n    # print error to STDERR\n    echo \"error: The sandbox is not in sync with the Podfile.lock. Run 'pod install' or update your CocoaPods installation.\" >&2\n    exit 1\nfi\n# This output is used by Xcode 'outputs' to avoid re-running this script phase.\necho \"SUCCESS\" > \"${SCRIPT_OUTPUT_FILE_0}\"\n";
			showEnvVarsInLog = 0;
		};
		1D864E2297445FBB0EF42A1D /* [CP] Embed Pods Frameworks */ = {
			isa = PBXShellScriptBuildPhase;
			buildActionMask = 2147483647;
			files = (
			);
			inputPaths = (
			);
			name = "[CP] Embed Pods Frameworks";
			outputPaths = (
			);
			runOnlyForDeploymentPostprocessing = 0;
			shellPath = /bin/sh;
			shellScript = "\"${SRCROOT}/Pods/Target Support Files/Pods-RunningRhythmTests/Pods-RunningRhythmTests-frameworks.sh\"\n";
			showEnvVarsInLog = 0;
		};
		405EDBA7FF617BD913159D88 /* [CP] Copy Pods Resources */ = {
			isa = PBXShellScriptBuildPhase;
			buildActionMask = 2147483647;
			files = (
			);
			inputPaths = (
			);
			name = "[CP] Copy Pods Resources";
			outputPaths = (
			);
			runOnlyForDeploymentPostprocessing = 0;
			shellPath = /bin/sh;
			shellScript = "\"${SRCROOT}/Pods/Target Support Files/Pods-RunningRhythmUITests/Pods-RunningRhythmUITests-resources.sh\"\n";
			showEnvVarsInLog = 0;
		};
		75AE06855CACDF3E17863FE2 /* [CP] Copy Pods Resources */ = {
			isa = PBXShellScriptBuildPhase;
			buildActionMask = 2147483647;
			files = (
			);
			inputPaths = (
			);
			name = "[CP] Copy Pods Resources";
			outputPaths = (
			);
			runOnlyForDeploymentPostprocessing = 0;
			shellPath = /bin/sh;
			shellScript = "\"${SRCROOT}/Pods/Target Support Files/Pods-RunningRhythmTests/Pods-RunningRhythmTests-resources.sh\"\n";
			showEnvVarsInLog = 0;
		};
		80CCEC1BEEF45F3B2EAAA957 /* [CP] Copy Pods Resources */ = {
			isa = PBXShellScriptBuildPhase;
			buildActionMask = 2147483647;
			files = (
			);
			inputPaths = (
			);
			name = "[CP] Copy Pods Resources";
			outputPaths = (
			);
			runOnlyForDeploymentPostprocessing = 0;
			shellPath = /bin/sh;
			shellScript = "\"${SRCROOT}/Pods/Target Support Files/Pods-RunningRhythm/Pods-RunningRhythm-resources.sh\"\n";
			showEnvVarsInLog = 0;
		};
		91773F1A959CF29725B59897 /* [CP] Check Pods Manifest.lock */ = {
			isa = PBXShellScriptBuildPhase;
			buildActionMask = 2147483647;
			files = (
			);
			inputPaths = (
				"${PODS_PODFILE_DIR_PATH}/Podfile.lock",
				"${PODS_ROOT}/Manifest.lock",
			);
			name = "[CP] Check Pods Manifest.lock";
			outputPaths = (
				"$(DERIVED_FILE_DIR)/Pods-RunningRhythmUITests-checkManifestLockResult.txt",
			);
			runOnlyForDeploymentPostprocessing = 0;
			shellPath = /bin/sh;
			shellScript = "diff \"${PODS_PODFILE_DIR_PATH}/Podfile.lock\" \"${PODS_ROOT}/Manifest.lock\" > /dev/null\nif [ $? != 0 ] ; then\n    # print error to STDERR\n    echo \"error: The sandbox is not in sync with the Podfile.lock. Run 'pod install' or update your CocoaPods installation.\" >&2\n    exit 1\nfi\n# This output is used by Xcode 'outputs' to avoid re-running this script phase.\necho \"SUCCESS\" > \"${SCRIPT_OUTPUT_FILE_0}\"\n";
			showEnvVarsInLog = 0;
		};
		97963EA77DAAA61BB2A24225 /* [CP] Check Pods Manifest.lock */ = {
			isa = PBXShellScriptBuildPhase;
			buildActionMask = 2147483647;
			files = (
			);
			inputPaths = (
				"${PODS_PODFILE_DIR_PATH}/Podfile.lock",
				"${PODS_ROOT}/Manifest.lock",
			);
			name = "[CP] Check Pods Manifest.lock";
			outputPaths = (
				"$(DERIVED_FILE_DIR)/Pods-RunningRhythm-checkManifestLockResult.txt",
			);
			runOnlyForDeploymentPostprocessing = 0;
			shellPath = /bin/sh;
			shellScript = "diff \"${PODS_PODFILE_DIR_PATH}/Podfile.lock\" \"${PODS_ROOT}/Manifest.lock\" > /dev/null\nif [ $? != 0 ] ; then\n    # print error to STDERR\n    echo \"error: The sandbox is not in sync with the Podfile.lock. Run 'pod install' or update your CocoaPods installation.\" >&2\n    exit 1\nfi\n# This output is used by Xcode 'outputs' to avoid re-running this script phase.\necho \"SUCCESS\" > \"${SCRIPT_OUTPUT_FILE_0}\"\n";
			showEnvVarsInLog = 0;
		};
		E72E32696F0E800904336430 /* [CP] Embed Pods Frameworks */ = {
			isa = PBXShellScriptBuildPhase;
			buildActionMask = 2147483647;
			files = (
			);
			inputPaths = (
				"${SRCROOT}/Pods/Target Support Files/Pods-RunningRhythm/Pods-RunningRhythm-frameworks.sh",
				"${BUILT_PRODUCTS_DIR}/AlamoRecord/AlamoRecord.framework",
				"${BUILT_PRODUCTS_DIR}/Alamofire/Alamofire.framework",
				"${BUILT_PRODUCTS_DIR}/AlamofireObjectMapper/AlamofireObjectMapper.framework",
				"${BUILT_PRODUCTS_DIR}/Charts/Charts.framework",
				"${BUILT_PRODUCTS_DIR}/ObjectMapper/ObjectMapper.framework",
				"${BUILT_PRODUCTS_DIR}/Spartan/Spartan.framework",
			);
			name = "[CP] Embed Pods Frameworks";
			outputPaths = (
				"${TARGET_BUILD_DIR}/${FRAMEWORKS_FOLDER_PATH}/AlamoRecord.framework",
				"${TARGET_BUILD_DIR}/${FRAMEWORKS_FOLDER_PATH}/Alamofire.framework",
				"${TARGET_BUILD_DIR}/${FRAMEWORKS_FOLDER_PATH}/AlamofireObjectMapper.framework",
				"${TARGET_BUILD_DIR}/${FRAMEWORKS_FOLDER_PATH}/Charts.framework",
				"${TARGET_BUILD_DIR}/${FRAMEWORKS_FOLDER_PATH}/ObjectMapper.framework",
				"${TARGET_BUILD_DIR}/${FRAMEWORKS_FOLDER_PATH}/Spartan.framework",
			);
			runOnlyForDeploymentPostprocessing = 0;
			shellPath = /bin/sh;
			shellScript = "\"${SRCROOT}/Pods/Target Support Files/Pods-RunningRhythm/Pods-RunningRhythm-frameworks.sh\"\n";
			showEnvVarsInLog = 0;
		};
		EEEA42FD97B3F9C02300DFA6 /* [CP] Embed Pods Frameworks */ = {
			isa = PBXShellScriptBuildPhase;
			buildActionMask = 2147483647;
			files = (
			);
			inputPaths = (
			);
			name = "[CP] Embed Pods Frameworks";
			outputPaths = (
			);
			runOnlyForDeploymentPostprocessing = 0;
			shellPath = /bin/sh;
			shellScript = "\"${SRCROOT}/Pods/Target Support Files/Pods-RunningRhythmUITests/Pods-RunningRhythmUITests-frameworks.sh\"\n";
			showEnvVarsInLog = 0;
		};
/* End PBXShellScriptBuildPhase section */

/* Begin PBXSourcesBuildPhase section */
		A1D0A1761FA2B8CB003862B4 /* Sources */ = {
			isa = PBXSourcesBuildPhase;
			buildActionMask = 2147483647;
			files = (
				A1F879621FC0D5C300F64F00 /* WebViewController.swift in Sources */,
				C7DCCF0C1FA95A8600A119BB /* MusicPlayerViewController.swift in Sources */,
				A1692D9A1FC376AA00DF0328 /* HealthKitManager.swift in Sources */,
				5263E0921FC0D5A800C3A076 /* WorkoutTimer.swift in Sources */,
				A1F08C221FA846B6009BDAFA /* MainViewController.swift in Sources */,
				A19716A51FCE33280005476A /* TrackListTableViewController.swift in Sources */,
				5292FEF21FBC072100C2A0CE /* StepsTakenViewController.swift in Sources */,
				5292FEF01FBC070700C2A0CE /* HealthDataViewController.swift in Sources */,
				A1D0A1801FA2B8CB003862B4 /* LoginViewController.swift in Sources */,
				5292FEF41FBC073500C2A0CE /* HeartRateViewController.swift in Sources */,
				A16564921FD761C400B40442 /* SettingsViewController.swift in Sources */,
				A1D0A17E1FA2B8CB003862B4 /* AppDelegate.swift in Sources */,
				A1B538591FCD4A9C00D25455 /* PlaylistTableViewController.swift in Sources */,
			);
			runOnlyForDeploymentPostprocessing = 0;
		};
		A1D0A18D1FA2B8CB003862B4 /* Sources */ = {
			isa = PBXSourcesBuildPhase;
			buildActionMask = 2147483647;
			files = (
				A1D0A1961FA2B8CB003862B4 /* RunningRhythmTests.swift in Sources */,
			);
			runOnlyForDeploymentPostprocessing = 0;
		};
		A1D0A1981FA2B8CC003862B4 /* Sources */ = {
			isa = PBXSourcesBuildPhase;
			buildActionMask = 2147483647;
			files = (
				A1D0A1A11FA2B8CC003862B4 /* RunningRhythmUITests.swift in Sources */,
			);
			runOnlyForDeploymentPostprocessing = 0;
		};
/* End PBXSourcesBuildPhase section */

/* Begin PBXTargetDependency section */
		A1D0A1931FA2B8CB003862B4 /* PBXTargetDependency */ = {
			isa = PBXTargetDependency;
			target = A1D0A1791FA2B8CB003862B4 /* RunningRhythm */;
			targetProxy = A1D0A1921FA2B8CB003862B4 /* PBXContainerItemProxy */;
		};
		A1D0A19E1FA2B8CC003862B4 /* PBXTargetDependency */ = {
			isa = PBXTargetDependency;
			target = A1D0A1791FA2B8CB003862B4 /* RunningRhythm */;
			targetProxy = A1D0A19D1FA2B8CC003862B4 /* PBXContainerItemProxy */;
		};
/* End PBXTargetDependency section */

/* Begin PBXVariantGroup section */
		A1D0A1811FA2B8CB003862B4 /* Main.storyboard */ = {
			isa = PBXVariantGroup;
			children = (
				A1D0A1821FA2B8CB003862B4 /* Base */,
			);
			name = Main.storyboard;
			sourceTree = "<group>";
		};
		A1D0A1891FA2B8CB003862B4 /* LaunchScreen.storyboard */ = {
			isa = PBXVariantGroup;
			children = (
				A1D0A18A1FA2B8CB003862B4 /* Base */,
			);
			name = LaunchScreen.storyboard;
			sourceTree = "<group>";
		};
/* End PBXVariantGroup section */

/* Begin XCBuildConfiguration section */
		A1D0A1A31FA2B8CC003862B4 /* Debug */ = {
			isa = XCBuildConfiguration;
			buildSettings = {
				ALWAYS_SEARCH_USER_PATHS = NO;
				CLANG_ANALYZER_NONNULL = YES;
				CLANG_ANALYZER_NUMBER_OBJECT_CONVERSION = YES_AGGRESSIVE;
				CLANG_CXX_LANGUAGE_STANDARD = "gnu++14";
				CLANG_CXX_LIBRARY = "libc++";
				CLANG_ENABLE_MODULES = YES;
				CLANG_ENABLE_OBJC_ARC = YES;
				CLANG_WARN_BLOCK_CAPTURE_AUTORELEASING = YES;
				CLANG_WARN_BOOL_CONVERSION = YES;
				CLANG_WARN_COMMA = YES;
				CLANG_WARN_CONSTANT_CONVERSION = YES;
				CLANG_WARN_DIRECT_OBJC_ISA_USAGE = YES_ERROR;
				CLANG_WARN_DOCUMENTATION_COMMENTS = YES;
				CLANG_WARN_EMPTY_BODY = YES;
				CLANG_WARN_ENUM_CONVERSION = YES;
				CLANG_WARN_INFINITE_RECURSION = YES;
				CLANG_WARN_INT_CONVERSION = YES;
				CLANG_WARN_NON_LITERAL_NULL_CONVERSION = YES;
				CLANG_WARN_OBJC_LITERAL_CONVERSION = YES;
				CLANG_WARN_OBJC_ROOT_CLASS = YES_ERROR;
				CLANG_WARN_RANGE_LOOP_ANALYSIS = YES;
				CLANG_WARN_STRICT_PROTOTYPES = YES;
				CLANG_WARN_SUSPICIOUS_MOVE = YES;
				CLANG_WARN_UNGUARDED_AVAILABILITY = YES_AGGRESSIVE;
				CLANG_WARN_UNREACHABLE_CODE = YES;
				CLANG_WARN__DUPLICATE_METHOD_MATCH = YES;
				CODE_SIGN_IDENTITY = "iPhone Developer";
				COPY_PHASE_STRIP = NO;
				DEBUG_INFORMATION_FORMAT = dwarf;
				ENABLE_STRICT_OBJC_MSGSEND = YES;
				ENABLE_TESTABILITY = YES;
				GCC_C_LANGUAGE_STANDARD = gnu11;
				GCC_DYNAMIC_NO_PIC = NO;
				GCC_NO_COMMON_BLOCKS = YES;
				GCC_OPTIMIZATION_LEVEL = 0;
				GCC_PREPROCESSOR_DEFINITIONS = (
					"DEBUG=1",
					"$(inherited)",
				);
				GCC_WARN_64_TO_32_BIT_CONVERSION = YES;
				GCC_WARN_ABOUT_RETURN_TYPE = YES_ERROR;
				GCC_WARN_UNDECLARED_SELECTOR = YES;
				GCC_WARN_UNINITIALIZED_AUTOS = YES_AGGRESSIVE;
				GCC_WARN_UNUSED_FUNCTION = YES;
				GCC_WARN_UNUSED_VARIABLE = YES;
				IPHONEOS_DEPLOYMENT_TARGET = 10.0;
				MTL_ENABLE_DEBUG_INFO = YES;
				ONLY_ACTIVE_ARCH = YES;
				SDKROOT = iphoneos;
				SWIFT_ACTIVE_COMPILATION_CONDITIONS = DEBUG;
				SWIFT_OPTIMIZATION_LEVEL = "-Onone";
				SWIFT_VERSION = 3.0;
			};
			name = Debug;
		};
		A1D0A1A41FA2B8CC003862B4 /* Release */ = {
			isa = XCBuildConfiguration;
			buildSettings = {
				ALWAYS_SEARCH_USER_PATHS = NO;
				CLANG_ANALYZER_NONNULL = YES;
				CLANG_ANALYZER_NUMBER_OBJECT_CONVERSION = YES_AGGRESSIVE;
				CLANG_CXX_LANGUAGE_STANDARD = "gnu++14";
				CLANG_CXX_LIBRARY = "libc++";
				CLANG_ENABLE_MODULES = YES;
				CLANG_ENABLE_OBJC_ARC = YES;
				CLANG_WARN_BLOCK_CAPTURE_AUTORELEASING = YES;
				CLANG_WARN_BOOL_CONVERSION = YES;
				CLANG_WARN_COMMA = YES;
				CLANG_WARN_CONSTANT_CONVERSION = YES;
				CLANG_WARN_DIRECT_OBJC_ISA_USAGE = YES_ERROR;
				CLANG_WARN_DOCUMENTATION_COMMENTS = YES;
				CLANG_WARN_EMPTY_BODY = YES;
				CLANG_WARN_ENUM_CONVERSION = YES;
				CLANG_WARN_INFINITE_RECURSION = YES;
				CLANG_WARN_INT_CONVERSION = YES;
				CLANG_WARN_NON_LITERAL_NULL_CONVERSION = YES;
				CLANG_WARN_OBJC_LITERAL_CONVERSION = YES;
				CLANG_WARN_OBJC_ROOT_CLASS = YES_ERROR;
				CLANG_WARN_RANGE_LOOP_ANALYSIS = YES;
				CLANG_WARN_STRICT_PROTOTYPES = YES;
				CLANG_WARN_SUSPICIOUS_MOVE = YES;
				CLANG_WARN_UNGUARDED_AVAILABILITY = YES_AGGRESSIVE;
				CLANG_WARN_UNREACHABLE_CODE = YES;
				CLANG_WARN__DUPLICATE_METHOD_MATCH = YES;
				CODE_SIGN_IDENTITY = "iPhone Developer";
				COPY_PHASE_STRIP = NO;
				DEBUG_INFORMATION_FORMAT = "dwarf-with-dsym";
				ENABLE_NS_ASSERTIONS = NO;
				ENABLE_STRICT_OBJC_MSGSEND = YES;
				GCC_C_LANGUAGE_STANDARD = gnu11;
				GCC_NO_COMMON_BLOCKS = YES;
				GCC_WARN_64_TO_32_BIT_CONVERSION = YES;
				GCC_WARN_ABOUT_RETURN_TYPE = YES_ERROR;
				GCC_WARN_UNDECLARED_SELECTOR = YES;
				GCC_WARN_UNINITIALIZED_AUTOS = YES_AGGRESSIVE;
				GCC_WARN_UNUSED_FUNCTION = YES;
				GCC_WARN_UNUSED_VARIABLE = YES;
				IPHONEOS_DEPLOYMENT_TARGET = 10.0;
				MTL_ENABLE_DEBUG_INFO = NO;
				ONLY_ACTIVE_ARCH = NO;
				SDKROOT = iphoneos;
				SWIFT_OPTIMIZATION_LEVEL = "-Owholemodule";
				SWIFT_VERSION = 3.0;
				VALIDATE_PRODUCT = YES;
			};
			name = Release;
		};
		A1D0A1A61FA2B8CC003862B4 /* Debug */ = {
			isa = XCBuildConfiguration;
			baseConfigurationReference = B3BD14A37C2EB4E0AA464E2C /* Pods-RunningRhythm.debug.xcconfig */;
			buildSettings = {
				ASSETCATALOG_COMPILER_APPICON_NAME = AppIcon;
				CLANG_ENABLE_MODULES = YES;
				CODE_SIGN_ENTITLEMENTS = RunningRhythm/RunningRhythm.entitlements;
				CODE_SIGN_STYLE = Automatic;
				DEVELOPMENT_TEAM = 97A24MD78K;
				FRAMEWORK_SEARCH_PATHS = (
					"$(inherited)",
					"$(PROJECT_DIR)/RunningRhythm",
					"$(PROJECT_DIR)",
				);
				INFOPLIST_FILE = RunningRhythm/Info.plist;
				IPHONEOS_DEPLOYMENT_TARGET = 10.0;
				LD_RUNPATH_SEARCH_PATHS = "$(inherited) @executable_path/Frameworks";
				OTHER_LDFLAGS = (
					"$(inherited)",
					"-framework",
					"\"Alamofire\"",
					"-ObjC",
				);
				PRODUCT_BUNDLE_IDENTIFIER = com.cindercapital.RunningRhythm;
				PRODUCT_NAME = "$(TARGET_NAME)";
				SWIFT_OBJC_BRIDGING_HEADER = "RunningRhythm/RunningRhythm-Bridging-Header.h";
				SWIFT_OPTIMIZATION_LEVEL = "-Onone";
				SWIFT_VERSION = 3.0;
				TARGETED_DEVICE_FAMILY = "1,2";
			};
			name = Debug;
		};
		A1D0A1A71FA2B8CC003862B4 /* Release */ = {
			isa = XCBuildConfiguration;
			baseConfigurationReference = BC88FD24597EF581044DDE49 /* Pods-RunningRhythm.release.xcconfig */;
			buildSettings = {
				ASSETCATALOG_COMPILER_APPICON_NAME = AppIcon;
				CLANG_ENABLE_MODULES = YES;
				CODE_SIGN_ENTITLEMENTS = RunningRhythm/RunningRhythm.entitlements;
				CODE_SIGN_STYLE = Automatic;
				DEVELOPMENT_TEAM = 97A24MD78K;
				FRAMEWORK_SEARCH_PATHS = (
					"$(inherited)",
					"$(PROJECT_DIR)/RunningRhythm",
					"$(PROJECT_DIR)",
				);
				INFOPLIST_FILE = RunningRhythm/Info.plist;
				IPHONEOS_DEPLOYMENT_TARGET = 10.0;
				LD_RUNPATH_SEARCH_PATHS = "$(inherited) @executable_path/Frameworks";
				OTHER_LDFLAGS = (
					"$(inherited)",
					"-framework",
					"\"Alamofire\"",
					"-ObjC",
				);
				PRODUCT_BUNDLE_IDENTIFIER = com.cindercapital.RunningRhythm;
				PRODUCT_NAME = "$(TARGET_NAME)";
				SWIFT_OBJC_BRIDGING_HEADER = "RunningRhythm/RunningRhythm-Bridging-Header.h";
				SWIFT_VERSION = 3.0;
				TARGETED_DEVICE_FAMILY = "1,2";
			};
			name = Release;
		};
		A1D0A1A91FA2B8CC003862B4 /* Debug */ = {
			isa = XCBuildConfiguration;
			baseConfigurationReference = 5068DDED2724EF02674E4AEC /* Pods-RunningRhythmTests.debug.xcconfig */;
			buildSettings = {
				ALWAYS_EMBED_SWIFT_STANDARD_LIBRARIES = YES;
				BUNDLE_LOADER = "$(TEST_HOST)";
				CODE_SIGN_STYLE = Automatic;
				DEVELOPMENT_TEAM = "";
				INFOPLIST_FILE = RunningRhythmTests/Info.plist;
				LD_RUNPATH_SEARCH_PATHS = "$(inherited) @executable_path/Frameworks @loader_path/Frameworks";
				PRODUCT_BUNDLE_IDENTIFIER = cindercapital.RunningRhythmTests;
				PRODUCT_NAME = "$(TARGET_NAME)";
				SWIFT_VERSION = 3.0;
				TARGETED_DEVICE_FAMILY = "1,2";
				TEST_HOST = "$(BUILT_PRODUCTS_DIR)/RunningRhythm.app/RunningRhythm";
			};
			name = Debug;
		};
		A1D0A1AA1FA2B8CC003862B4 /* Release */ = {
			isa = XCBuildConfiguration;
			baseConfigurationReference = A030318C2E275C3452F5FEDA /* Pods-RunningRhythmTests.release.xcconfig */;
			buildSettings = {
				ALWAYS_EMBED_SWIFT_STANDARD_LIBRARIES = YES;
				BUNDLE_LOADER = "$(TEST_HOST)";
				CODE_SIGN_STYLE = Automatic;
				DEVELOPMENT_TEAM = "";
				INFOPLIST_FILE = RunningRhythmTests/Info.plist;
				LD_RUNPATH_SEARCH_PATHS = "$(inherited) @executable_path/Frameworks @loader_path/Frameworks";
				PRODUCT_BUNDLE_IDENTIFIER = cindercapital.RunningRhythmTests;
				PRODUCT_NAME = "$(TARGET_NAME)";
				SWIFT_VERSION = 3.0;
				TARGETED_DEVICE_FAMILY = "1,2";
				TEST_HOST = "$(BUILT_PRODUCTS_DIR)/RunningRhythm.app/RunningRhythm";
			};
			name = Release;
		};
		A1D0A1AC1FA2B8CC003862B4 /* Debug */ = {
			isa = XCBuildConfiguration;
			baseConfigurationReference = 3ED66347420594D17D588148 /* Pods-RunningRhythmUITests.debug.xcconfig */;
			buildSettings = {
				ALWAYS_EMBED_SWIFT_STANDARD_LIBRARIES = YES;
				"CODE_SIGN_IDENTITY[sdk=iphoneos*]" = "iPhone Developer";
				CODE_SIGN_STYLE = Automatic;
				DEVELOPMENT_TEAM = "";
				INFOPLIST_FILE = RunningRhythmUITests/Info.plist;
				LD_RUNPATH_SEARCH_PATHS = "$(inherited) @executable_path/Frameworks @loader_path/Frameworks";
				PRODUCT_BUNDLE_IDENTIFIER = cindercapital.RunningRhythmUITests;
				PRODUCT_NAME = "$(TARGET_NAME)";
				PROVISIONING_PROFILE_SPECIFIER = "";
				SWIFT_VERSION = 3.0;
				TARGETED_DEVICE_FAMILY = "1,2";
				TEST_TARGET_NAME = RunningRhythm;
			};
			name = Debug;
		};
		A1D0A1AD1FA2B8CC003862B4 /* Release */ = {
			isa = XCBuildConfiguration;
			baseConfigurationReference = 971AA2BE7223CEFA7ED5138A /* Pods-RunningRhythmUITests.release.xcconfig */;
			buildSettings = {
				ALWAYS_EMBED_SWIFT_STANDARD_LIBRARIES = YES;
				"CODE_SIGN_IDENTITY[sdk=iphoneos*]" = "iPhone Developer";
				CODE_SIGN_STYLE = Automatic;
				DEVELOPMENT_TEAM = "";
				INFOPLIST_FILE = RunningRhythmUITests/Info.plist;
				LD_RUNPATH_SEARCH_PATHS = "$(inherited) @executable_path/Frameworks @loader_path/Frameworks";
				PRODUCT_BUNDLE_IDENTIFIER = cindercapital.RunningRhythmUITests;
				PRODUCT_NAME = "$(TARGET_NAME)";
				PROVISIONING_PROFILE_SPECIFIER = "";
				SWIFT_VERSION = 3.0;
				TARGETED_DEVICE_FAMILY = "1,2";
				TEST_TARGET_NAME = RunningRhythm;
			};
			name = Release;
		};
/* End XCBuildConfiguration section */

/* Begin XCConfigurationList section */
		A1D0A1751FA2B8CB003862B4 /* Build configuration list for PBXProject "RunningRhythm" */ = {
			isa = XCConfigurationList;
			buildConfigurations = (
				A1D0A1A31FA2B8CC003862B4 /* Debug */,
				A1D0A1A41FA2B8CC003862B4 /* Release */,
			);
			defaultConfigurationIsVisible = 0;
			defaultConfigurationName = Release;
		};
		A1D0A1A51FA2B8CC003862B4 /* Build configuration list for PBXNativeTarget "RunningRhythm" */ = {
			isa = XCConfigurationList;
			buildConfigurations = (
				A1D0A1A61FA2B8CC003862B4 /* Debug */,
				A1D0A1A71FA2B8CC003862B4 /* Release */,
			);
			defaultConfigurationIsVisible = 0;
			defaultConfigurationName = Release;
		};
		A1D0A1A81FA2B8CC003862B4 /* Build configuration list for PBXNativeTarget "RunningRhythmTests" */ = {
			isa = XCConfigurationList;
			buildConfigurations = (
				A1D0A1A91FA2B8CC003862B4 /* Debug */,
				A1D0A1AA1FA2B8CC003862B4 /* Release */,
			);
			defaultConfigurationIsVisible = 0;
			defaultConfigurationName = Release;
		};
		A1D0A1AB1FA2B8CC003862B4 /* Build configuration list for PBXNativeTarget "RunningRhythmUITests" */ = {
			isa = XCConfigurationList;
			buildConfigurations = (
				A1D0A1AC1FA2B8CC003862B4 /* Debug */,
				A1D0A1AD1FA2B8CC003862B4 /* Release */,
			);
			defaultConfigurationIsVisible = 0;
			defaultConfigurationName = Release;
		};
/* End XCConfigurationList section */
	};
	rootObject = A1D0A1721FA2B8CB003862B4 /* Project object */;
}
